
Microsoft Visual Studio Solution File, Format Version 12.00
# Visual Studio 15
VisualStudioVersion = 15.0.26430.14
MinimumVisualStudioVersion = 10.0.40219.1
Project("{FAE04EC0-301F-11D3-BF4B-00C04F79EFBC}") = "DocFx.Plugin.ImageProcessor", "DocFx.Plugin.ImageProcessor.csproj", "{77AA5457-9A95-47BF-BF6F-4E1CE6D5A294}"
EndProject
Project("{FAE04EC0-301F-11D3-BF4B-00C04F79EFBC}") = "DocFx.Plugin.ImageProcessor.Tests", "..\DocFx.Plugin.ImageProcessor.Tests\DocFx.Plugin.ImageProcessor.Tests.csproj", "{1DB37C7A-17F1-4EB3-A250-DF24E4E3F5E9}"
EndProject
Global
	GlobalSection(SolutionConfigurationPlatforms) = preSolution
		Debug|Any CPU = Debug|Any CPU
		Release|Any CPU = Release|Any CPU
	EndGlobalSection
	GlobalSection(ProjectConfigurationPlatforms) = postSolution
		{77AA5457-9A95-47BF-BF6F-4E1CE6D5A294}.Debug|Any CPU.ActiveCfg = Debug|Any CPU
		{77AA5457-9A95-47BF-BF6F-4E1CE6D5A294}.Debug|Any CPU.Build.0 = Debug|Any CPU
		{77AA5457-9A95-47BF-BF6F-4E1CE6D5A294}.Release|Any CPU.ActiveCfg = Release|Any CPU
		{77AA5457-9A95-47BF-BF6F-4E1CE6D5A294}.Release|Any CPU.Build.0 = Release|Any CPU
		{1DB37C7A-17F1-4EB3-A250-DF24E4E3F5E9}.Debug|Any CPU.ActiveCfg = Debug|Any CPU
		{1DB37C7A-17F1-4EB3-A250-DF24E4E3F5E9}.Debug|Any CPU.Build.0 = Debug|Any CPU
		{1DB37C7A-17F1-4EB3-A250-DF24E4E3F5E9}.Release|Any CPU.ActiveCfg = Release|Any CPU
		{1DB37C7A-17F1-4EB3-A250-DF24E4E3F5E9}.Release|Any CPU.Build.0 = Release|Any CPU
	EndGlobalSection
	GlobalSection(SolutionProperties) = preSolution
		HideSolutionNode = FALSE
	EndGlobalSection
EndGlobal
